
Microsoft Visual Studio Solution File, Format Version 12.00
# Visual Studio Version 17
VisualStudioVersion = 17.3.32929.385
MinimumVisualStudioVersion = 10.0.40219.1
Project("{FAE04EC0-301F-11D3-BF4B-00C04F79EFBC}") = "VideoGamesDex", "VideoGamesDex\VideoGamesDex.csproj", "{B9CBE2F9-0914-44B1-B4A2-B91924B41FAB}"
EndProject
Global
	GlobalSection(SolutionConfigurationPlatforms) = preSolution
		Debug|Any CPU = Debug|Any CPU
		Release|Any CPU = Release|Any CPU
	EndGlobalSection
	GlobalSection(ProjectConfigurationPlatforms) = postSolution
		{B9CBE2F9-0914-44B1-B4A2-B91924B41FAB}.Debug|Any CPU.ActiveCfg = Debug|Any CPU
		{B9CBE2F9-0914-44B1-B4A2-B91924B41FAB}.Debug|Any CPU.Build.0 = Debug|Any CPU
		{B9CBE2F9-0914-44B1-B4A2-B91924B41FAB}.Release|Any CPU.ActiveCfg = Release|Any CPU
		{B9CBE2F9-0914-44B1-B4A2-B91924B41FAB}.Release|Any CPU.Build.0 = Release|Any CPU
	EndGlobalSection
	GlobalSection(SolutionProperties) = preSolution
		HideSolutionNode = FALSE
	EndGlobalSection
	GlobalSection(ExtensibilityGlobals) = postSolution
		SolutionGuid = {CDB3D61E-66FE-4998-877A-E3D81098AD23}
	EndGlobalSection
EndGlobal
