
Microsoft Visual Studio Solution File, Format Version 12.00
# Visual Studio Version 17
VisualStudioVersion = 17.3.32929.385
MinimumVisualStudioVersion = 10.0.40219.1
Project("{FAE04EC0-301F-11D3-BF4B-00C04F79EFBC}") = "Structures", "Structures\Structures.csproj", "{DF5BA9AF-BFFB-4EAF-8FC6-84E8335BB490}"
EndProject
Global
	GlobalSection(SolutionConfigurationPlatforms) = preSolution
		Debug|Any CPU = Debug|Any CPU
		Release|Any CPU = Release|Any CPU
	EndGlobalSection
	GlobalSection(ProjectConfigurationPlatforms) = postSolution
		{DF5BA9AF-BFFB-4EAF-8FC6-84E8335BB490}.Debug|Any CPU.ActiveCfg = Debug|Any CPU
		{DF5BA9AF-BFFB-4EAF-8FC6-84E8335BB490}.Debug|Any CPU.Build.0 = Debug|Any CPU
		{DF5BA9AF-BFFB-4EAF-8FC6-84E8335BB490}.Release|Any CPU.ActiveCfg = Release|Any CPU
		{DF5BA9AF-BFFB-4EAF-8FC6-84E8335BB490}.Release|Any CPU.Build.0 = Release|Any CPU
	EndGlobalSection
	GlobalSection(SolutionProperties) = preSolution
		HideSolutionNode = FALSE
	EndGlobalSection
	GlobalSection(ExtensibilityGlobals) = postSolution
		SolutionGuid = {EFDC1720-E20F-4E94-A7B3-9FD071625C60}
	EndGlobalSection
EndGlobal
